Microsoft Visual Studio Solution File, Format Version 12.00
# Visual Studio Version 17
VisualStudioVersion = 17.5.2.0
MinimumVisualStudioVersion = 10.0.40219.1
Project("{FAE04EC0-301F-11D3-BF4B-00C04F79EFBC}") = "AhojGemma4App", "AhojGemma4App.csproj", "{AC514FA1-52CF-A691-A432-D052A533131E}"
EndProject
Global
	GlobalSection(SolutionConfigurationPlatforms) = preSolution
		Debug|Any CPU = Debug|Any CPU
		Release|Any CPU = Release|Any CPU
	EndGlobalSection
	GlobalSection(ProjectConfigurationPlatforms) = postSolution
		{AC514FA1-52CF-A691-A432-D052A533131E}.Debug|Any CPU.ActiveCfg = Debug|Any CPU
		{AC514FA1-52CF-A691-A432-D052A533131E}.Debug|Any CPU.Build.0 = Debug|Any CPU
		{AC514FA1-52CF-A691-A432-D052A533131E}.Release|Any CPU.ActiveCfg = Release|Any CPU
		{AC514FA1-52CF-A691-A432-D052A533131E}.Release|Any CPU.Build.0 = Release|Any CPU
	EndGlobalSection
	GlobalSection(SolutionProperties) = preSolution
		HideSolutionNode = FALSE
	EndGlobalSection
	GlobalSection(ExtensibilityGlobals) = postSolution
		SolutionGuid = {6D9299EA-7C18-430D-802B-702361401802}
	EndGlobalSection
EndGlobal
